
Microsoft Visual Studio Solution File, Format Version 12.00
# Visual Studio Version 16
VisualStudioVersion = 16.0.32413.511
MinimumVisualStudioVersion = 10.0.40219.1
Project("{FAE04EC0-301F-11D3-BF4B-00C04F79EFBC}") = "RepositoryPatternExample", "RepositoryPatternExample\RepositoryPatternExample.csproj", "{AA3A7E6F-062B-4F97-918A-47A55F70493C}"
EndProject
Project("{FAE04EC0-301F-11D3-BF4B-00C04F79EFBC}") = "TestRepositoryPattern", "TestRepositoryPattern\TestRepositoryPattern.csproj", "{ED053BA0-15BA-4C62-A1D8-9C917CFC4301}"
EndProject
Global
	GlobalSection(SolutionConfigurationPlatforms) = preSolution
		Debug|Any CPU = Debug|Any CPU
		Release|Any CPU = Release|Any CPU
	EndGlobalSection
	GlobalSection(ProjectConfigurationPlatforms) = postSolution
		{AA3A7E6F-062B-4F97-918A-47A55F70493C}.Debug|Any CPU.ActiveCfg = Debug|Any CPU
		{AA3A7E6F-062B-4F97-918A-47A55F70493C}.Debug|Any CPU.Build.0 = Debug|Any CPU
		{AA3A7E6F-062B-4F97-918A-47A55F70493C}.Release|Any CPU.ActiveCfg = Release|Any CPU
		{AA3A7E6F-062B-4F97-918A-47A55F70493C}.Release|Any CPU.Build.0 = Release|Any CPU
		{ED053BA0-15BA-4C62-A1D8-9C917CFC4301}.Debug|Any CPU.ActiveCfg = Debug|Any CPU
		{ED053BA0-15BA-4C62-A1D8-9C917CFC4301}.Debug|Any CPU.Build.0 = Debug|Any CPU
		{ED053BA0-15BA-4C62-A1D8-9C917CFC4301}.Release|Any CPU.ActiveCfg = Release|Any CPU
		{ED053BA0-15BA-4C62-A1D8-9C917CFC4301}.Release|Any CPU.Build.0 = Release|Any CPU
	EndGlobalSection
	GlobalSection(SolutionProperties) = preSolution
		HideSolutionNode = FALSE
	EndGlobalSection
	GlobalSection(ExtensibilityGlobals) = postSolution
		SolutionGuid = {4F16F621-1E79-43D7-87CD-C11B9EA34859}
	EndGlobalSection
EndGlobal
